
Microsoft Visual Studio Solution File, Format Version 12.00
# Visual Studio Version 17
VisualStudioVersion = 17.4.33213.308
MinimumVisualStudioVersion = 10.0.40219.1
Project("{FAE04EC0-301F-11D3-BF4B-00C04F79EFBC}") = "Practicar_EESA", "Practicar_EESA.csproj", "{18218E1C-83F6-4257-8AF0-581EBB0EBECE}"
EndProject
Global
	GlobalSection(SolutionConfigurationPlatforms) = preSolution
		Debug|Any CPU = Debug|Any CPU
		Release|Any CPU = Release|Any CPU
	EndGlobalSection
	GlobalSection(ProjectConfigurationPlatforms) = postSolution
		{18218E1C-83F6-4257-8AF0-581EBB0EBECE}.Debug|Any CPU.ActiveCfg = Debug|Any CPU
		{18218E1C-83F6-4257-8AF0-581EBB0EBECE}.Debug|Any CPU.Build.0 = Debug|Any CPU
		{18218E1C-83F6-4257-8AF0-581EBB0EBECE}.Release|Any CPU.ActiveCfg = Release|Any CPU
		{18218E1C-83F6-4257-8AF0-581EBB0EBECE}.Release|Any CPU.Build.0 = Release|Any CPU
	EndGlobalSection
	GlobalSection(SolutionProperties) = preSolution
		HideSolutionNode = FALSE
	EndGlobalSection
	GlobalSection(ExtensibilityGlobals) = postSolution
		SolutionGuid = {F92CB320-9E2F-4ABD-9035-CE3625BC1F0F}
	EndGlobalSection
EndGlobal
